
Microsoft Visual Studio Solution File, Format Version 12.00
# Visual Studio Version 18
VisualStudioVersion = 18.2.11415.280
MinimumVisualStudioVersion = 10.0.40219.1
Project("{FAE04EC0-301F-11D3-BF4B-00C04F79EFBC}") = "Central do Educador", "Central do Educador\Central do Educador.csproj", "{986B151D-8035-4089-A4B7-CD331097E047}"
EndProject
Project("{FAE04EC0-301F-11D3-BF4B-00C04F79EFBC}") = "Central do Educador.UnitTests", "Central do Educador.UnitTests\Central do Educador.UnitTests.csproj", "{45F97FEF-1232-4682-8965-4A84521D97AF}"
EndProject
Global
	GlobalSection(SolutionConfigurationPlatforms) = preSolution
		Debug|Any CPU = Debug|Any CPU
		Debug|x64 = Debug|x64
		Release|Any CPU = Release|Any CPU
		Release|x64 = Release|x64
	EndGlobalSection
	GlobalSection(ProjectConfigurationPlatforms) = postSolution
		{986B151D-8035-4089-A4B7-CD331097E047}.Debug|Any CPU.ActiveCfg = Debug|Any CPU
		{986B151D-8035-4089-A4B7-CD331097E047}.Debug|Any CPU.Build.0 = Debug|Any CPU
		{986B151D-8035-4089-A4B7-CD331097E047}.Debug|x64.ActiveCfg = Debug|x64
		{986B151D-8035-4089-A4B7-CD331097E047}.Debug|x64.Build.0 = Debug|x64
		{986B151D-8035-4089-A4B7-CD331097E047}.Release|Any CPU.ActiveCfg = Release|Any CPU
		{986B151D-8035-4089-A4B7-CD331097E047}.Release|Any CPU.Build.0 = Release|Any CPU
		{986B151D-8035-4089-A4B7-CD331097E047}.Release|x64.ActiveCfg = Release|x64
		{986B151D-8035-4089-A4B7-CD331097E047}.Release|x64.Build.0 = Release|x64
		{45F97FEF-1232-4682-8965-4A84521D97AF}.Debug|Any CPU.ActiveCfg = Debug|Any CPU
		{45F97FEF-1232-4682-8965-4A84521D97AF}.Debug|Any CPU.Build.0 = Debug|Any CPU
		{45F97FEF-1232-4682-8965-4A84521D97AF}.Debug|x64.ActiveCfg = Debug|Any CPU
		{45F97FEF-1232-4682-8965-4A84521D97AF}.Debug|x64.Build.0 = Debug|Any CPU
		{45F97FEF-1232-4682-8965-4A84521D97AF}.Release|Any CPU.ActiveCfg = Release|Any CPU
		{45F97FEF-1232-4682-8965-4A84521D97AF}.Release|Any CPU.Build.0 = Release|Any CPU
		{45F97FEF-1232-4682-8965-4A84521D97AF}.Release|x64.ActiveCfg = Release|Any CPU
		{45F97FEF-1232-4682-8965-4A84521D97AF}.Release|x64.Build.0 = Release|Any CPU
	EndGlobalSection
	GlobalSection(SolutionProperties) = preSolution
		HideSolutionNode = FALSE
	EndGlobalSection
	GlobalSection(ExtensibilityGlobals) = postSolution
		SolutionGuid = {987361A6-C5D3-43D1-A5CD-3AFED7D5686D}
	EndGlobalSection
EndGlobal
